// !$*UTF8*$!
{
	archiveVersion = 1;
	classes = {
	};
	objectVersion = 50;
	objects = {

/* Begin PBXBuildFile section */
		632F71092355B9A90055FFC0 /* AppDelegate.swift in Sources */ = {isa = PBXBuildFile; fileRef = 632F71082355B9A90055FFC0 /* AppDelegate.swift */; };
		632F710B2355B9A90055FFC0 /* SceneDelegate.swift in Sources */ = {isa = PBXBuildFile; fileRef = 632F710A2355B9A90055FFC0 /* SceneDelegate.swift */; };
		632F710E2355B9A90055FFC0 /* BussMe.xcdatamodeld in Sources */ = {isa = PBXBuildFile; fileRef = 632F710C2355B9A90055FFC0 /* BussMe.xcdatamodeld */; };
		632F71102355B9A90055FFC0 /* ContentView.swift in Sources */ = {isa = PBXBuildFile; fileRef = 632F710F2355B9A90055FFC0 /* ContentView.swift */; };
		632F71122355B9A90055FFC0 /* Assets.xcassets in Resources */ = {isa = PBXBuildFile; fileRef = 632F71112355B9A90055FFC0 /* Assets.xcassets */; };
		632F71152355B9A90055FFC0 /* Preview Assets.xcassets in Resources */ = {isa = PBXBuildFile; fileRef = 632F71142355B9A90055FFC0 /* Preview Assets.xcassets */; };
		632F71182355B9A90055FFC0 /* LaunchScreen.storyboard in Resources */ = {isa = PBXBuildFile; fileRef = 632F71162355B9A90055FFC0 /* LaunchScreen.storyboard */; };
		632F71232355B9AA0055FFC0 /* BussMeTests.swift in Sources */ = {isa = PBXBuildFile; fileRef = 632F71222355B9AA0055FFC0 /* BussMeTests.swift */; };
		632F712E2355B9AA0055FFC0 /* BussMeUITests.swift in Sources */ = {isa = PBXBuildFile; fileRef = 632F712D2355B9AA0055FFC0 /* BussMeUITests.swift */; };
/* End PBXBuildFile section */

/* Begin PBXContainerItemProxy section */
		632F711F2355B9AA0055FFC0 /* PBXContainerItemProxy */ = {
			isa = PBXContainerItemProxy;
			containerPortal = 632F70FD2355B9A90055FFC0 /* Project object */;
			proxyType = 1;
			remoteGlobalIDString = 632F71042355B9A90055FFC0;
			remoteInfo = BussMe;
		};
		632F712A2355B9AA0055FFC0 /* PBXContainerItemProxy */ = {
			isa = PBXContainerItemProxy;
			containerPortal = 632F70FD2355B9A90055FFC0 /* Project object */;
			proxyType = 1;
			remoteGlobalIDString = 632F71042355B9A90055FFC0;
			remoteInfo = BussMe;
		};
/* End PBXContainerItemProxy section */

/* Begin PBXFileReference section */
		632F71052355B9A90055FFC0 /* BussMe.app */ = {isa = PBXFileReference; explicitFileType = wrapper.application; includeInIndex = 0; path = BussMe.app; sourceTree = BUILT_PRODUCTS_DIR; };
		632F71082355B9A90055FFC0 /* AppDelegate.swift */ = {isa = PBXFileReference; lastKnownFileType = sourcecode.swift; path = AppDelegate.swift; sourceTree = "<group>"; };
		632F710A2355B9A90055FFC0 /* SceneDelegate.swift */ = {isa = PBXFileReference; lastKnownFileType = sourcecode.swift; path = SceneDelegate.swift; sourceTree = "<group>"; };
		632F710D2355B9A90055FFC0 /* BussMe.xcdatamodel */ = {isa = PBXFileReference; lastKnownFileType = wrapper.xcdatamodel; path = BussMe.xcdatamodel; sourceTree = "<group>"; };
		632F710F2355B9A90055FFC0 /* ContentView.swift */ = {isa = PBXFileReference; lastKnownFileType = sourcecode.swift; path = ContentView.swift; sourceTree = "<group>"; };
		632F71112355B9A90055FFC0 /* Assets.xcassets */ = {isa = PBXFileReference; lastKnownFileType = folder.assetcatalog; path = Assets.xcassets; sourceTree = "<group>"; };
		632F71142355B9A90055FFC0 /* Preview Assets.xcassets */ = {isa = PBXFileReference; lastKnownFileType = folder.assetcatalog; path = "Preview Assets.xcassets"; sourceTree = "<group>"; };
		632F71172355B9A90055FFC0 /* Base */ = {isa = PBXFileReference; lastKnownFileType = file.storyboard; name = Base; path = Base.lproj/LaunchScreen.storyboard; sourceTree = "<group>"; };
		632F71192355B9A90055FFC0 /* Info.plist */ = {isa = PBXFileReference; lastKnownFileType = text.plist.xml; path = Info.plist; sourceTree = "<group>"; };
		632F711E2355B9AA0055FFC0 /* BussMeTests.xctest */ = {isa = PBXFileReference; explicitFileType = wrapper.cfbundle; includeInIndex = 0; path = BussMeTests.xctest; sourceTree = BUILT_PRODUCTS_DIR; };
		632F71222355B9AA0055FFC0 /* BussMeTests.swift */ = {isa = PBXFileReference; lastKnownFileType = sourcecode.swift; path = BussMeTests.swift; sourceTree = "<group>"; };
		632F71242355B9AA0055FFC0 /* Info.plist */ = {isa = PBXFileReference; lastKnownFileType = text.plist.xml; path = Info.plist; sourceTree = "<group>"; };
		632F71292355B9AA0055FFC0 /* BussMeUITests.xctest */ = {isa = PBXFileReference; explicitFileType = wrapper.cfbundle; includeInIndex = 0; path = BussMeUITests.xctest; sourceTree = BUILT_PRODUCTS_DIR; };
		632F712D2355B9AA0055FFC0 /* BussMeUITests.swift */ = {isa = PBXFileReference; lastKnownFileType = sourcecode.swift; path = BussMeUITests.swift; sourceTree = "<group>"; };
		632F712F2355B9AA0055FFC0 /* Info.plist */ = {isa = PBXFileReference; lastKnownFileType = text.plist.xml; path = Info.plist; sourceTree = "<group>"; };
/* End PBXFileReference section */

/* Begin PBXFrameworksBuildPhase section */
		632F71022355B9A90055FFC0 /* Frameworks */ = {
			isa = PBXFrameworksBuildPhase;
			buildActionMask = 2147483647;
			files = (
			);
			runOnlyForDeploymentPostprocessing = 0;
		};
		632F711B2355B9AA0055FFC0 /* Frameworks */ = {
			isa = PBXFrameworksBuildPhase;
			buildActionMask = 2147483647;
			files = (
			);
			runOnlyForDeploymentPostprocessing = 0;
		};
		632F71262355B9AA0055FFC0 /* Frameworks */ = {
			isa = PBXFrameworksBuildPhase;
			buildActionMask = 2147483647;
			files = (
			);
			runOnlyForDeploymentPostprocessing = 0;
		};
/* End PBXFrameworksBuildPhase section */

/* Begin PBXGroup section */
		632F70FC2355B9A90055FFC0 = {
			isa = PBXGroup;
			children = (
				632F71072355B9A90055FFC0 /* BussMe */,
				632F71212355B9AA0055FFC0 /* BussMeTests */,
				632F712C2355B9AA0055FFC0 /* BussMeUITests */,
				632F71062355B9A90055FFC0 /* Products */,
			);
			sourceTree = "<group>";
		};
		632F71062355B9A90055FFC0 /* Products */ = {
			isa = PBXGroup;
			children = (
				632F71052355B9A90055FFC0 /* BussMe.app */,
				632F711E2355B9AA0055FFC0 /* BussMeTests.xctest */,
				632F71292355B9AA0055FFC0 /* BussMeUITests.xctest */,
			);
			name = Products;
			sourceTree = "<group>";
		};
		632F71072355B9A90055FFC0 /* BussMe */ = {
			isa = PBXGroup;
			children = (
				632F71082355B9A90055FFC0 /* AppDelegate.swift */,
				632F710A2355B9A90055FFC0 /* SceneDelegate.swift */,
				632F710F2355B9A90055FFC0 /* ContentView.swift */,
				632F71112355B9A90055FFC0 /* Assets.xcassets */,
				632F71162355B9A90055FFC0 /* LaunchScreen.storyboard */,
				632F71192355B9A90055FFC0 /* Info.plist */,
				632F710C2355B9A90055FFC0 /* BussMe.xcdatamodeld */,
				632F71132355B9A90055FFC0 /* Preview Content */,
			);
			path = BussMe;
			sourceTree = "<group>";
		};
		632F71132355B9A90055FFC0 /* Preview Content */ = {
			isa = PBXGroup;
			children = (
				632F71142355B9A90055FFC0 /* Preview Assets.xcassets */,
			);
			path = "Preview Content";
			sourceTree = "<group>";
		};
		632F71212355B9AA0055FFC0 /* BussMeTests */ = {
			isa = PBXGroup;
			children = (
				632F71222355B9AA0055FFC0 /* BussMeTests.swift */,
				632F71242355B9AA0055FFC0 /* Info.plist */,
			);
			path = BussMeTests;
			sourceTree = "<group>";
		};
		632F712C2355B9AA0055FFC0 /* BussMeUITests */ = {
			isa = PBXGroup;
			children = (
				632F712D2355B9AA0055FFC0 /* BussMeUITests.swift */,
				632F712F2355B9AA0055FFC0 /* Info.plist */,
			);
			path = BussMeUITests;
			sourceTree = "<group>";
		};
/* End PBXGroup section */

/* Begin PBXNativeTarget section */
		632F71042355B9A90055FFC0 /* BussMe */ = {
			isa = PBXNativeTarget;
			buildConfigurationList = 632F71322355B9AA0055FFC0 /* Build configuration list for PBXNativeTarget "BussMe" */;
			buildPhases = (
				632F71012355B9A90055FFC0 /* Sources */,
				632F71022355B9A90055FFC0 /* Frameworks */,
				632F71032355B9A90055FFC0 /* Resources */,
			);
			buildRules = (
			);
			dependencies = (
			);
			name = BussMe;
			productName = BussMe;
			productReference = 632F71052355B9A90055FFC0 /* BussMe.app */;
			productType = "com.apple.product-type.application";
		};
		632F711D2355B9AA0055FFC0 /* BussMeTests */ = {
			isa = PBXNativeTarget;
			buildConfigurationList = 632F71352355B9AA0055FFC0 /* Build configuration list for PBXNativeTarget "BussMeTests" */;
			buildPhases = (
				632F711A2355B9AA0055FFC0 /* Sources */,
				632F711B2355B9AA0055FFC0 /* Frameworks */,
				632F711C2355B9AA0055FFC0 /* Resources */,
			);
			buildRules = (
			);
			dependencies = (
				632F71202355B9AA0055FFC0 /* PBXTargetDependency */,
			);
			name = BussMeTests;
			productName = BussMeTests;
			productReference = 632F711E2355B9AA0055FFC0 /* BussMeTests.xctest */;
			productType = "com.apple.product-type.bundle.unit-test";
		};
		632F71282355B9AA0055FFC0 /* BussMeUITests */ = {
			isa = PBXNativeTarget;
			buildConfigurationList = 632F71382355B9AA0055FFC0 /* Build configuration list for PBXNativeTarget "BussMeUITests" */;
			buildPhases = (
				632F71252355B9AA0055FFC0 /* Sources */,
				632F71262355B9AA0055FFC0 /* Frameworks */,
				632F71272355B9AA0055FFC0 /* Resources */,
			);
			buildRules = (
			);
			dependencies = (
				632F712B2355B9AA0055FFC0 /* PBXTargetDependency */,
			);
			name = BussMeUITests;
			productName = BussMeUITests;
			productReference = 632F71292355B9AA0055FFC0 /* BussMeUITests.xctest */;
			productType = "com.apple.product-type.bundle.ui-testing";
		};
/* End PBXNativeTarget section */

/* Begin PBXProject section */
		632F70FD2355B9A90055FFC0 /* Project object */ = {
			isa = PBXProject;
			attributes = {
				LastSwiftUpdateCheck = 1110;
				LastUpgradeCheck = 1110;
				ORGANIZATIONNAME = "Mulyanti Law";
				TargetAttributes = {
					632F71042355B9A90055FFC0 = {
						CreatedOnToolsVersion = 11.1;
					};
					632F711D2355B9AA0055FFC0 = {
						CreatedOnToolsVersion = 11.1;
						TestTargetID = 632F71042355B9A90055FFC0;
					};
					632F71282355B9AA0055FFC0 = {
						CreatedOnToolsVersion = 11.1;
						TestTargetID = 632F71042355B9A90055FFC0;
					};
				};
			};
			buildConfigurationList = 632F71002355B9A90055FFC0 /* Build configuration list for PBXProject "BussMe" */;
			compatibilityVersion = "Xcode 9.3";
			developmentRegion = en;
			hasScannedForEncodings = 0;
			knownRegions = (
				en,
				Base,
			);
			mainGroup = 632F70FC2355B9A90055FFC0;
			productRefGroup = 632F71062355B9A90055FFC0 /* Products */;
			projectDirPath = "";
			projectRoot = "";
			targets = (
				632F71042355B9A90055FFC0 /* BussMe */,
				632F711D2355B9AA0055FFC0 /* BussMeTests */,
				632F71282355B9AA0055FFC0 /* BussMeUITests */,
			);
		};
/* End PBXProject section */

/* Begin PBXResourcesBuildPhase section */
		632F71032355B9A90055FFC0 /* Resources */ = {
			isa = PBXResourcesBuildPhase;
			buildActionMask = 2147483647;
			files = (
				632F71182355B9A90055FFC0 /* LaunchScreen.storyboard in Resources */,
				632F71152355B9A90055FFC0 /* Preview Assets.xcassets in Resources */,
				632F71122355B9A90055FFC0 /* Assets.xcassets in Resources */,
			);
			runOnlyForDeploymentPostprocessing = 0;
		};
		632F711C2355B9AA0055FFC0 /* Resources */ = {
			isa = PBXResourcesBuildPhase;
			buildActionMask = 2147483647;
			files = (
			);
			runOnlyForDeploymentPostprocessing = 0;
		};
		632F71272355B9AA0055FFC0 /* Resources */ = {
			isa = PBXResourcesBuildPhase;
			buildActionMask = 2147483647;
			files = (
			);
			runOnlyForDeploymentPostprocessing = 0;
		};
/* End PBXResourcesBuildPhase section */

/* Begin PBXSourcesBuildPhase section */
		632F71012355B9A90055FFC0 /* Sources */ = {
			isa = PBXSourcesBuildPhase;
			buildActionMask = 2147483647;
			files = (
				632F71092355B9A90055FFC0 /* AppDelegate.swift in Sources */,
				632F710E2355B9A90055FFC0 /* BussMe.xcdatamodeld in Sources */,
				632F71102355B9A90055FFC0 /* ContentView.swift in Sources */,
				632F710B2355B9A90055FFC0 /* SceneDelegate.swift in Sources */,
			);
			runOnlyForDeploymentPostprocessing = 0;
		};
		632F711A2355B9AA0055FFC0 /* Sources */ = {
			isa = PBXSourcesBuildPhase;
			buildActionMask = 2147483647;
			files = (
				632F71232355B9AA0055FFC0 /* BussMeTests.swift in Sources */,
			);
			runOnlyForDeploymentPostprocessing = 0;
		};
		632F71252355B9AA0055FFC0 /* Sources */ = {
			isa = PBXSourcesBuildPhase;
			buildActionMask = 2147483647;
			files = (
				632F712E2355B9AA0055FFC0 /* BussMeUITests.swift in Sources */,
			);
			runOnlyForDeploymentPostprocessing = 0;
		};
/* End PBXSourcesBuildPhase section */

/* Begin PBXTargetDependency section */
		632F71202355B9AA0055FFC0 /* PBXTargetDependency */ = {
			isa = PBXTargetDependency;
			target = 632F71042355B9A90055FFC0 /* BussMe */;
			targetProxy = 632F711F2355B9AA0055FFC0 /* PBXContainerItemProxy */;
		};
		632F712B2355B9AA0055FFC0 /* PBXTargetDependency */ = {
			isa = PBXTargetDependency;
			target = 632F71042355B9A90055FFC0 /* BussMe */;
			targetProxy = 632F712A2355B9AA0055FFC0 /* PBXContainerItemProxy */;
		};
/* End PBXTargetDependency section */

/* Begin PBXVariantGroup section */
		632F71162355B9A90055FFC0 /* LaunchScreen.storyboard */ = {
			isa = PBXVariantGroup;
			children = (
				632F71172355B9A90055FFC0 /* Base */,
			);
			name = LaunchScreen.storyboard;
			sourceTree = "<group>";
		};
/* End PBXVariantGroup section */

/* Begin XCBuildConfiguration section */
		632F71302355B9AA0055FFC0 /* Debug */ = {
			isa = XCBuildConfiguration;
			buildSettings = {
				ALWAYS_SEARCH_USER_PATHS = NO;
				CLANG_ANALYZER_NONNULL = YES;
				CLANG_ANALYZER_NUMBER_OBJECT_CONVERSION = YES_AGGRESSIVE;
				CLANG_CXX_LANGUAGE_STANDARD = "gnu++14";
				CLANG_CXX_LIBRARY = "libc++";
				CLANG_ENABLE_MODULES = YES;
				CLANG_ENABLE_OBJC_ARC = YES;
				CLANG_ENABLE_OBJC_WEAK = YES;
				CLANG_WARN_BLOCK_CAPTURE_AUTORELEASING = YES;
				CLANG_WARN_BOOL_CONVERSION = YES;
				CLANG_WARN_COMMA = YES;
				CLANG_WARN_CONSTANT_CONVERSION = YES;
				CLANG_WARN_DEPRECATED_OBJC_IMPLEMENTATIONS = YES;
				CLANG_WARN_DIRECT_OBJC_ISA_USAGE = YES_ERROR;
				CLANG_WARN_DOCUMENTATION_COMMENTS = YES;
				CLANG_WARN_EMPTY_BODY = YES;
				CLANG_WARN_ENUM_CONVERSION = YES;
				CLANG_WARN_INFINITE_RECURSION = YES;
				CLANG_WARN_INT_CONVERSION = YES;
				CLANG_WARN_NON_LITERAL_NULL_CONVERSION = YES;
				CLANG_WARN_OBJC_IMPLICIT_RETAIN_SELF = YES;
				CLANG_WARN_OBJC_LITERAL_CONVERSION = YES;
				CLANG_WARN_OBJC_ROOT_CLASS = YES_ERROR;
				CLANG_WARN_RANGE_LOOP_ANALYSIS = YES;
				CLANG_WARN_STRICT_PROTOTYPES = YES;
				CLANG_WARN_SUSPICIOUS_MOVE = YES;
				CLANG_WARN_UNGUARDED_AVAILABILITY = YES_AGGRESSIVE;
				CLANG_WARN_UNREACHABLE_CODE = YES;
				CLANG_WARN__DUPLICATE_METHOD_MATCH = YES;
				COPY_PHASE_STRIP = NO;
				DEBUG_INFORMATION_FORMAT = dwarf;
				ENABLE_STRICT_OBJC_MSGSEND = YES;
				ENABLE_TESTABILITY = YES;
				GCC_C_LANGUAGE_STANDARD = gnu11;
				GCC_DYNAMIC_NO_PIC = NO;
				GCC_NO_COMMON_BLOCKS = YES;
				GCC_OPTIMIZATION_LEVEL = 0;
				GCC_PREPROCESSOR_DEFINITIONS = (
					"DEBUG=1",
					"$(inherited)",
				);
				GCC_WARN_64_TO_32_BIT_CONVERSION = YES;
				GCC_WARN_ABOUT_RETURN_TYPE = YES_ERROR;
				GCC_WARN_UNDECLARED_SELECTOR = YES;
				GCC_WARN_UNINITIALIZED_AUTOS = YES_AGGRESSIVE;
				GCC_WARN_UNUSED_FUNCTION = YES;
				GCC_WARN_UNUSED_VARIABLE = YES;
				IPHONEOS_DEPLOYMENT_TARGET = 13.1;
				MTL_ENABLE_DEBUG_INFO = INCLUDE_SOURCE;
				MTL_FAST_MATH = YES;
				ONLY_ACTIVE_ARCH = YES;
				SDKROOT = iphoneos;
				SWIFT_ACTIVE_COMPILATION_CONDITIONS = DEBUG;
				SWIFT_OPTIMIZATION_LEVEL = "-Onone";
			};
			name = Debug;
		};
		632F71312355B9AA0055FFC0 /* Release */ = {
			isa = XCBuildConfiguration;
			buildSettings = {
				ALWAYS_SEARCH_USER_PATHS = NO;
				CLANG_ANALYZER_NONNULL = YES;
				CLANG_ANALYZER_NUMBER_OBJECT_CONVERSION = YES_AGGRESSIVE;
				CLANG_CXX_LANGUAGE_STANDARD = "gnu++14";
				CLANG_CXX_LIBRARY = "libc++";
				CLANG_ENABLE_MODULES = YES;
				CLANG_ENABLE_OBJC_ARC = YES;
				CLANG_ENABLE_OBJC_WEAK = YES;
				CLANG_WARN_BLOCK_CAPTURE_AUTORELEASING = YES;
				CLANG_WARN_BOOL_CONVERSION = YES;
				CLANG_WARN_COMMA = YES;
				CLANG_WARN_CONSTANT_CONVERSION = YES;
				CLANG_WARN_DEPRECATED_OBJC_IMPLEMENTATIONS = YES;
				CLANG_WARN_DIRECT_OBJC_ISA_USAGE = YES_ERROR;
				CLANG_WARN_DOCUMENTATION_COMMENTS = YES;
				CLANG_WARN_EMPTY_BODY = YES;
				CLANG_WARN_ENUM_CONVERSION = YES;
				CLANG_WARN_INFINITE_RECURSION = YES;
				CLANG_WARN_INT_CONVERSION = YES;
				CLANG_WARN_NON_LITERAL_NULL_CONVERSION = YES;
				CLANG_WARN_OBJC_IMPLICIT_RETAIN_SELF = YES;
				CLANG_WARN_OBJC_LITERAL_CONVERSION = YES;
				CLANG_WARN_OBJC_ROOT_CLASS = YES_ERROR;
				CLANG_WARN_RANGE_LOOP_ANALYSIS = YES;
				CLANG_WARN_STRICT_PROTOTYPES = YES;
				CLANG_WARN_SUSPICIOUS_MOVE = YES;
				CLANG_WARN_UNGUARDED_AVAILABILITY = YES_AGGRESSIVE;
				CLANG_WARN_UNREACHABLE_CODE = YES;
				CLANG_WARN__DUPLICATE_METHOD_MATCH = YES;
				COPY_PHASE_STRIP = NO;
				DEBUG_INFORMATION_FORMAT = "dwarf-with-dsym";
				ENABLE_NS_ASSERTIONS = NO;
				ENABLE_STRICT_OBJC_MSGSEND = YES;
				GCC_C_LANGUAGE_STANDARD = gnu11;
				GCC_NO_COMMON_BLOCKS = YES;
				GCC_WARN_64_TO_32_BIT_CONVERSION = YES;
				GCC_WARN_ABOUT_RETURN_TYPE = YES_ERROR;
				GCC_WARN_UNDECLARED_SELECTOR = YES;
				GCC_WARN_UNINITIALIZED_AUTOS = YES_AGGRESSIVE;
				GCC_WARN_UNUSED_FUNCTION = YES;
				GCC_WARN_UNUSED_VARIABLE = YES;
				IPHONEOS_DEPLOYMENT_TARGET = 13.1;
				MTL_ENABLE_DEBUG_INFO = NO;
				MTL_FAST_MATH = YES;
				SDKROOT = iphoneos;
				SWIFT_COMPILATION_MODE = wholemodule;
				SWIFT_OPTIMIZATION_LEVEL = "-O";
				VALIDATE_PRODUCT = YES;
			};
			name = Release;
		};
		632F71332355B9AA0055FFC0 /* Debug */ = {
			isa = XCBuildConfiguration;
			buildSettings = {
				ASSETCATALOG_COMPILER_APPICON_NAME = AppIcon;
				CODE_SIGN_STYLE = Automatic;
				DEVELOPMENT_ASSET_PATHS = "\"BussMe/Preview Content\"";
				DEVELOPMENT_TEAM = 5N3X6F7MRF;
				ENABLE_PREVIEWS = YES;
				INFOPLIST_FILE = BussMe/Info.plist;
				LD_RUNPATH_SEARCH_PATHS = (
					"$(inherited)",
					"@executable_path/Frameworks",
				);
				PRODUCT_BUNDLE_IDENTIFIER = mulyanti.BussMe;
				PRODUCT_NAME = "$(TARGET_NAME)";
				SWIFT_VERSION = 5.0;
				TARGETED_DEVICE_FAMILY = "1,2";
			};
			name = Debug;
		};
		632F71342355B9AA0055FFC0 /* Release */ = {
			isa = XCBuildConfiguration;
			buildSettings = {
				ASSETCATALOG_COMPILER_APPICON_NAME = AppIcon;
				CODE_SIGN_STYLE = Automatic;
				DEVELOPMENT_ASSET_PATHS = "\"BussMe/Preview Content\"";
				DEVELOPMENT_TEAM = 5N3X6F7MRF;
				ENABLE_PREVIEWS = YES;
				INFOPLIST_FILE = BussMe/Info.plist;
				LD_RUNPATH_SEARCH_PATHS = (
					"$(inherited)",
					"@executable_path/Frameworks",
				);
				PRODUCT_BUNDLE_IDENTIFIER = mulyanti.BussMe;
				PRODUCT_NAME = "$(TARGET_NAME)";
				SWIFT_VERSION = 5.0;
				TARGETED_DEVICE_FAMILY = "1,2";
			};
			name = Release;
		};
		632F71362355B9AA0055FFC0 /* Debug */ = {
			isa = XCBuildConfiguration;
			buildSettings = {
				ALWAYS_EMBED_SWIFT_STANDARD_LIBRARIES = YES;
				BUNDLE_LOADER = "$(TEST_HOST)";
				CODE_SIGN_STYLE = Automatic;
				DEVELOPMENT_TEAM = 5N3X6F7MRF;
				INFOPLIST_FILE = BussMeTests/Info.plist;
				IPHONEOS_DEPLOYMENT_TARGET = 13.1;
				LD_RUNPATH_SEARCH_PATHS = (
					"$(inherited)",
					"@executable_path/Frameworks",
					"@loader_path/Frameworks",
				);
				PRODUCT_BUNDLE_IDENTIFIER = mulyanti.BussMeTests;
				PRODUCT_NAME = "$(TARGET_NAME)";
				SWIFT_VERSION = 5.0;
				TARGETED_DEVICE_FAMILY = "1,2";
				TEST_HOST = "$(BUILT_PRODUCTS_DIR)/BussMe.app/BussMe";
			};
			name = Debug;
		};
		632F71372355B9AA0055FFC0 /* Release */ = {
			isa = XCBuildConfiguration;
			buildSettings = {
				ALWAYS_EMBED_SWIFT_STANDARD_LIBRARIES = YES;
				BUNDLE_LOADER = "$(TEST_HOST)";
				CODE_SIGN_STYLE = Automatic;
				DEVELOPMENT_TEAM = 5N3X6F7MRF;
				INFOPLIST_FILE = BussMeTests/Info.plist;
				IPHONEOS_DEPLOYMENT_TARGET = 13.1;
				LD_RUNPATH_SEARCH_PATHS = (
					"$(inherited)",
					"@executable_path/Frameworks",
					"@loader_path/Frameworks",
				);
				PRODUCT_BUNDLE_IDENTIFIER = mulyanti.BussMeTests;
				PRODUCT_NAME = "$(TARGET_NAME)";
				SWIFT_VERSION = 5.0;
				TARGETED_DEVICE_FAMILY = "1,2";
				TEST_HOST = "$(BUILT_PRODUCTS_DIR)/BussMe.app/BussMe";
			};
			name = Release;
		};
		632F71392355B9AA0055FFC0 /* Debug */ = {
			isa = XCBuildConfiguration;
			buildSettings = {
				ALWAYS_EMBED_SWIFT_STANDARD_LIBRARIES = YES;
				CODE_SIGN_STYLE = Automatic;
				DEVELOPMENT_TEAM = 5N3X6F7MRF;
				INFOPLIST_FILE = BussMeUITests/Info.plist;
				LD_RUNPATH_SEARCH_PATHS = (
					"$(inherited)",
					"@executable_path/Frameworks",
					"@loader_path/Frameworks",
				);
				PRODUCT_BUNDLE_IDENTIFIER = mulyanti.BussMeUITests;
				PRODUCT_NAME = "$(TARGET_NAME)";
				SWIFT_VERSION = 5.0;
				TARGETED_DEVICE_FAMILY = "1,2";
				TEST_TARGET_NAME = BussMe;
			};
			name = Debug;
		};
		632F713A2355B9AA0055FFC0 /* Release */ = {
			isa = XCBuildConfiguration;
			buildSettings = {
				ALWAYS_EMBED_SWIFT_STANDARD_LIBRARIES = YES;
				CODE_SIGN_STYLE = Automatic;
				DEVELOPMENT_TEAM = 5N3X6F7MRF;
				INFOPLIST_FILE = BussMeUITests/Info.plist;
				LD_RUNPATH_SEARCH_PATHS = (
					"$(inherited)",
					"@executable_path/Frameworks",
					"@loader_path/Frameworks",
				);
				PRODUCT_BUNDLE_IDENTIFIER = mulyanti.BussMeUITests;
				PRODUCT_NAME = "$(TARGET_NAME)";
				SWIFT_VERSION = 5.0;
				TARGETED_DEVICE_FAMILY = "1,2";
				TEST_TARGET_NAME = BussMe;
			};
			name = Release;
		};
/* End XCBuildConfiguration section */

/* Begin XCConfigurationList section */
		632F71002355B9A90055FFC0 /* Build configuration list for PBXProject "BussMe" */ = {
			isa = XCConfigurationList;
			buildConfigurations = (
				632F71302355B9AA0055FFC0 /* Debug */,
				632F71312355B9AA0055FFC0 /* Release */,
			);
			defaultConfigurationIsVisible = 0;
			defaultConfigurationName = Release;
		};
		632F71322355B9AA0055FFC0 /* Build configuration list for PBXNativeTarget "BussMe" */ = {
			isa = XCConfigurationList;
			buildConfigurations = (
				632F71332355B9AA0055FFC0 /* Debug */,
				632F71342355B9AA0055FFC0 /* Release */,
			);
			defaultConfigurationIsVisible = 0;
			defaultConfigurationName = Release;
		};
		632F71352355B9AA0055FFC0 /* Build configuration list for PBXNativeTarget "BussMeTests" */ = {
			isa = XCConfigurationList;
			buildConfigurations = (
				632F71362355B9AA0055FFC0 /* Debug */,
				632F71372355B9AA0055FFC0 /* Release */,
			);
			defaultConfigurationIsVisible = 0;
			defaultConfigurationName = Release;
		};
		632F71382355B9AA0055FFC0 /* Build configuration list for PBXNativeTarget "BussMeUITests" */ = {
			isa = XCConfigurationList;
			buildConfigurations = (
				632F71392355B9AA0055FFC0 /* Debug */,
				632F713A2355B9AA0055FFC0 /* Release */,
			);
			defaultConfigurationIsVisible = 0;
			defaultConfigurationName = Release;
		};
/* End XCConfigurationList section */

/* Begin XCVersionGroup section */
		632F710C2355B9A90055FFC0 /* BussMe.xcdatamodeld */ = {
			isa = XCVersionGroup;
			children = (
				632F710D2355B9A90055FFC0 /* BussMe.xcdatamodel */,
			);
			currentVersion = 632F710D2355B9A90055FFC0 /* BussMe.xcdatamodel */;
			path = BussMe.xcdatamodeld;
			sourceTree = "<group>";
			versionGroupType = wrapper.xcdatamodel;
		};
/* End XCVersionGroup section */
	};
	rootObject = 632F70FD2355B9A90055FFC0 /* Project object */;
}
